
Microsoft Visual Studio Solution File, Format Version 12.00
# Visual Studio Version 17
VisualStudioVersion = 17.5.33627.172
MinimumVisualStudioVersion = 10.0.40219.1
Project("{9A19103F-16F7-4668-BE54-9A1E7A4F7556}") = "MyFitness.BL", "MyFitness.BL\MyFitness.BL.csproj", "{6537C225-5AAB-45F5-A70A-677AA4D99AED}"
EndProject
Project("{9A19103F-16F7-4668-BE54-9A1E7A4F7556}") = "MyFitness.View", "MyFitness.View\MyFitness.View.csproj", "{77A91670-5F40-455F-B28B-28C7FFD6E5DF}"
EndProject
Project("{FAE04EC0-301F-11D3-BF4B-00C04F79EFBC}") = "MyFitness.BL.Tests", "MyFitness.BL.Tests\MyFitness.BL.Tests.csproj", "{4817EEFC-185E-454E-A82F-A31878256E41}"
EndProject
Global
	GlobalSection(SolutionConfigurationPlatforms) = preSolution
		Debug|Any CPU = Debug|Any CPU
		Release|Any CPU = Release|Any CPU
	EndGlobalSection
	GlobalSection(ProjectConfigurationPlatforms) = postSolution
		{6537C225-5AAB-45F5-A70A-677AA4D99AED}.Debug|Any CPU.ActiveCfg = Debug|Any CPU
		{6537C225-5AAB-45F5-A70A-677AA4D99AED}.Debug|Any CPU.Build.0 = Debug|Any CPU
		{6537C225-5AAB-45F5-A70A-677AA4D99AED}.Release|Any CPU.ActiveCfg = Release|Any CPU
		{6537C225-5AAB-45F5-A70A-677AA4D99AED}.Release|Any CPU.Build.0 = Release|Any CPU
		{77A91670-5F40-455F-B28B-28C7FFD6E5DF}.Debug|Any CPU.ActiveCfg = Debug|Any CPU
		{77A91670-5F40-455F-B28B-28C7FFD6E5DF}.Debug|Any CPU.Build.0 = Debug|Any CPU
		{77A91670-5F40-455F-B28B-28C7FFD6E5DF}.Release|Any CPU.ActiveCfg = Release|Any CPU
		{77A91670-5F40-455F-B28B-28C7FFD6E5DF}.Release|Any CPU.Build.0 = Release|Any CPU
		{4817EEFC-185E-454E-A82F-A31878256E41}.Debug|Any CPU.ActiveCfg = Debug|Any CPU
		{4817EEFC-185E-454E-A82F-A31878256E41}.Debug|Any CPU.Build.0 = Debug|Any CPU
		{4817EEFC-185E-454E-A82F-A31878256E41}.Release|Any CPU.ActiveCfg = Release|Any CPU
		{4817EEFC-185E-454E-A82F-A31878256E41}.Release|Any CPU.Build.0 = Release|Any CPU
	EndGlobalSection
	GlobalSection(SolutionProperties) = preSolution
		HideSolutionNode = FALSE
	EndGlobalSection
	GlobalSection(ExtensibilityGlobals) = postSolution
		SolutionGuid = {4CEA3CA3-9F6E-44E8-B8E0-A16536E6EFC5}
	EndGlobalSection
EndGlobal
